// !$*UTF8*$!
{
	archiveVersion = 1;
	classes = {
	};
	objectVersion = 50;
	objects = {

/* Begin PBXBuildFile section */
		A50AC443215E645D0011E87E /* Item.swift in Sources */ = {isa = PBXBuildFile; fileRef = A50AC442215E645D0011E87E /* Item.swift */; };
		A50AC445215E646A0011E87E /* Category.swift in Sources */ = {isa = PBXBuildFile; fileRef = A50AC444215E646A0011E87E /* Category.swift */; };
		A50AC447216196A00011E87E /* SwipeCellKit.framework in Frameworks */ = {isa = PBXBuildFile; fileRef = A50AC446216196A00011E87E /* SwipeCellKit.framework */; };
		A50AC449216197360011E87E /* Realm.framework in Frameworks */ = {isa = PBXBuildFile; fileRef = A50AC448216197360011E87E /* Realm.framework */; };
		A51F3BAA215332AC008839B2 /* AppDelegate.swift in Sources */ = {isa = PBXBuildFile; fileRef = A51F3BA9215332AC008839B2 /* AppDelegate.swift */; };
		A51F3BAC215332AC008839B2 /* TodoListViewController.swift in Sources */ = {isa = PBXBuildFile; fileRef = A51F3BAB215332AC008839B2 /* TodoListViewController.swift */; };
		A51F3BAF215332AC008839B2 /* Main.storyboard in Resources */ = {isa = PBXBuildFile; fileRef = A51F3BAD215332AC008839B2 /* Main.storyboard */; };
		A51F3BB1215332AD008839B2 /* Assets.xcassets in Resources */ = {isa = PBXBuildFile; fileRef = A51F3BB0215332AD008839B2 /* Assets.xcassets */; };
		A51F3BB4215332AD008839B2 /* LaunchScreen.storyboard in Resources */ = {isa = PBXBuildFile; fileRef = A51F3BB2215332AD008839B2 /* LaunchScreen.storyboard */; };
		A559511F21599C2B0006BEAD /* CategoryViewController.swift in Sources */ = {isa = PBXBuildFile; fileRef = A559511E21599C2B0006BEAD /* CategoryViewController.swift */; };
		A58AE46A2161A24A00106758 /* SwipeTableViewController.swift in Sources */ = {isa = PBXBuildFile; fileRef = A58AE4692161A24A00106758 /* SwipeTableViewController.swift */; };
		E2386D2EF58F1BBC683252D4 /* Pods_TodoeyRealm.framework in Frameworks */ = {isa = PBXBuildFile; fileRef = 67FA83148A5A6EDD26F7D9CC /* Pods_TodoeyRealm.framework */; };
/* End PBXBuildFile section */

/* Begin PBXFileReference section */
		67FA83148A5A6EDD26F7D9CC /* Pods_TodoeyRealm.framework */ = {isa = PBXFileReference; explicitFileType = wrapper.framework; includeInIndex = 0; path = Pods_TodoeyRealm.framework; sourceTree = BUILT_PRODUCTS_DIR; };
		A50AC442215E645D0011E87E /* Item.swift */ = {isa = PBXFileReference; lastKnownFileType = sourcecode.swift; path = Item.swift; sourceTree = "<group>"; };
		A50AC444215E646A0011E87E /* Category.swift */ = {isa = PBXFileReference; lastKnownFileType = sourcecode.swift; path = Category.swift; sourceTree = "<group>"; };
		A50AC446216196A00011E87E /* SwipeCellKit.framework */ = {isa = PBXFileReference; explicitFileType = wrapper.framework; path = SwipeCellKit.framework; sourceTree = BUILT_PRODUCTS_DIR; };
		A50AC448216197360011E87E /* Realm.framework */ = {isa = PBXFileReference; explicitFileType = wrapper.framework; path = Realm.framework; sourceTree = BUILT_PRODUCTS_DIR; };
		A51F3BA6215332AC008839B2 /* TodoeyRealm.app */ = {isa = PBXFileReference; explicitFileType = wrapper.application; includeInIndex = 0; path = TodoeyRealm.app; sourceTree = BUILT_PRODUCTS_DIR; };
		A51F3BA9215332AC008839B2 /* AppDelegate.swift */ = {isa = PBXFileReference; lastKnownFileType = sourcecode.swift; path = AppDelegate.swift; sourceTree = "<group>"; };
		A51F3BAB215332AC008839B2 /* TodoListViewController.swift */ = {isa = PBXFileReference; lastKnownFileType = sourcecode.swift; path = TodoListViewController.swift; sourceTree = "<group>"; };
		A51F3BAE215332AC008839B2 /* Base */ = {isa = PBXFileReference; lastKnownFileType = file.storyboard; name = Base; path = Base.lproj/Main.storyboard; sourceTree = "<group>"; };
		A51F3BB0215332AD008839B2 /* Assets.xcassets */ = {isa = PBXFileReference; lastKnownFileType = folder.assetcatalog; path = Assets.xcassets; sourceTree = "<group>"; };
		A51F3BB3215332AD008839B2 /* Base */ = {isa = PBXFileReference; lastKnownFileType = file.storyboard; name = Base; path = Base.lproj/LaunchScreen.storyboard; sourceTree = "<group>"; };
		A51F3BB5215332AD008839B2 /* Info.plist */ = {isa = PBXFileReference; lastKnownFileType = text.plist.xml; path = Info.plist; sourceTree = "<group>"; };
		A559511E21599C2B0006BEAD /* CategoryViewController.swift */ = {isa = PBXFileReference; lastKnownFileType = sourcecode.swift; path = CategoryViewController.swift; sourceTree = "<group>"; };
		A58AE4692161A24A00106758 /* SwipeTableViewController.swift */ = {isa = PBXFileReference; lastKnownFileType = sourcecode.swift; path = SwipeTableViewController.swift; sourceTree = "<group>"; };
		C0B0C173BAB65DE96239925C /* Pods-TodoeyRealm.release.xcconfig */ = {isa = PBXFileReference; includeInIndex = 1; lastKnownFileType = text.xcconfig; name = "Pods-TodoeyRealm.release.xcconfig"; path = "Pods/Target Support Files/Pods-TodoeyRealm/Pods-TodoeyRealm.release.xcconfig"; sourceTree = "<group>"; };
		CA8DDA1225C8693B3F22C9BC /* Pods-TodoeyRealm.debug.xcconfig */ = {isa = PBXFileReference; includeInIndex = 1; lastKnownFileType = text.xcconfig; name = "Pods-TodoeyRealm.debug.xcconfig"; path = "Pods/Target Support Files/Pods-TodoeyRealm/Pods-TodoeyRealm.debug.xcconfig"; sourceTree = "<group>"; };
/* End PBXFileReference section */

/* Begin PBXFrameworksBuildPhase section */
		A51F3BA3215332AC008839B2 /* Frameworks */ = {
			isa = PBXFrameworksBuildPhase;
			buildActionMask = 2147483647;
			files = (
				A50AC449216197360011E87E /* Realm.framework in Frameworks */,
				A50AC447216196A00011E87E /* SwipeCellKit.framework in Frameworks */,
				E2386D2EF58F1BBC683252D4 /* Pods_TodoeyRealm.framework in Frameworks */,
			);
			runOnlyForDeploymentPostprocessing = 0;
		};
/* End PBXFrameworksBuildPhase section */

/* Begin PBXGroup section */
		2091E3EB90F4CD5DD46BE423 /* Frameworks */ = {
			isa = PBXGroup;
			children = (
				A50AC448216197360011E87E /* Realm.framework */,
				A50AC446216196A00011E87E /* SwipeCellKit.framework */,
				67FA83148A5A6EDD26F7D9CC /* Pods_TodoeyRealm.framework */,
			);
			name = Frameworks;
			sourceTree = "<group>";
		};
		9F7A83864ED3449AB5B38D9D /* Pods */ = {
			isa = PBXGroup;
			children = (
				CA8DDA1225C8693B3F22C9BC /* Pods-TodoeyRealm.debug.xcconfig */,
				C0B0C173BAB65DE96239925C /* Pods-TodoeyRealm.release.xcconfig */,
			);
			name = Pods;
			sourceTree = "<group>";
		};
		A51F3B9D215332AB008839B2 = {
			isa = PBXGroup;
			children = (
				A51F3BA8215332AC008839B2 /* Todoey */,
				A51F3BA7215332AC008839B2 /* Products */,
				2091E3EB90F4CD5DD46BE423 /* Frameworks */,
				9F7A83864ED3449AB5B38D9D /* Pods */,
			);
			sourceTree = "<group>";
		};
		A51F3BA7215332AC008839B2 /* Products */ = {
			isa = PBXGroup;
			children = (
				A51F3BA6215332AC008839B2 /* TodoeyRealm.app */,
			);
			name = Products;
			sourceTree = "<group>";
		};
		A51F3BA8215332AC008839B2 /* Todoey */ = {
			isa = PBXGroup;
			children = (
				A51F3BA9215332AC008839B2 /* AppDelegate.swift */,
				A51F3BBD2154C2C1008839B2 /* Model */,
				A51F3BBE2154C2D4008839B2 /* Controllers */,
				A51F3BBF2154C30A008839B2 /* View */,
				A51F3BC02155A2B9008839B2 /* Supporting Files */,
				A51F3BB5215332AD008839B2 /* Info.plist */,
			);
			path = Todoey;
			sourceTree = "<group>";
		};
		A51F3BBD2154C2C1008839B2 /* Model */ = {
			isa = PBXGroup;
			children = (
				A50AC444215E646A0011E87E /* Category.swift */,
				A50AC442215E645D0011E87E /* Item.swift */,
			);
			path = Model;
			sourceTree = "<group>";
		};
		A51F3BBE2154C2D4008839B2 /* Controllers */ = {
			isa = PBXGroup;
			children = (
				A58AE4692161A24A00106758 /* SwipeTableViewController.swift */,
				A51F3BAB215332AC008839B2 /* TodoListViewController.swift */,
				A559511E21599C2B0006BEAD /* CategoryViewController.swift */,
			);
			path = Controllers;
			sourceTree = "<group>";
		};
		A51F3BBF2154C30A008839B2 /* View */ = {
			isa = PBXGroup;
			children = (
				A51F3BAD215332AC008839B2 /* Main.storyboard */,
			);
			path = View;
			sourceTree = "<group>";
		};
		A51F3BC02155A2B9008839B2 /* Supporting Files */ = {
			isa = PBXGroup;
			children = (
				A51F3BB0215332AD008839B2 /* Assets.xcassets */,
				A51F3BB2215332AD008839B2 /* LaunchScreen.storyboard */,
			);
			path = "Supporting Files";
			sourceTree = "<group>";
		};
/* End PBXGroup section */

/* Begin PBXNativeTarget section */
		A51F3BA5215332AC008839B2 /* TodoeyRealm */ = {
			isa = PBXNativeTarget;
			buildConfigurationList = A51F3BB8215332AD008839B2 /* Build configuration list for PBXNativeTarget "TodoeyRealm" */;
			buildPhases = (
				6464AD0A3A9467FDE473E402 /* [CP] Check Pods Manifest.lock */,
				A51F3BA2215332AC008839B2 /* Sources */,
				A51F3BA3215332AC008839B2 /* Frameworks */,
				A51F3BA4215332AC008839B2 /* Resources */,
				BC45F75C2BD95FD1F48E17EB /* [CP] Embed Pods Frameworks */,
			);
			buildRules = (
			);
			dependencies = (
			);
			name = TodoeyRealm;
			productName = Todoey;
			productReference = A51F3BA6215332AC008839B2 /* TodoeyRealm.app */;
			productType = "com.apple.product-type.application";
		};
/* End PBXNativeTarget section */

/* Begin PBXProject section */
		A51F3B9E215332AB008839B2 /* Project object */ = {
			isa = PBXProject;
			attributes = {
				LastSwiftUpdateCheck = 0940;
				LastUpgradeCheck = 0940;
				ORGANIZATIONNAME = "Orange Octopus";
				TargetAttributes = {
					A51F3BA5215332AC008839B2 = {
						CreatedOnToolsVersion = 9.4.1;
					};
				};
			};
			buildConfigurationList = A51F3BA1215332AC008839B2 /* Build configuration list for PBXProject "TodoeyRealm" */;
			compatibilityVersion = "Xcode 9.3";
			developmentRegion = en;
			hasScannedForEncodings = 0;
			knownRegions = (
				en,
				Base,
			);
			mainGroup = A51F3B9D215332AB008839B2;
			productRefGroup = A51F3BA7215332AC008839B2 /* Products */;
			projectDirPath = "";
			projectRoot = "";
			targets = (
				A51F3BA5215332AC008839B2 /* TodoeyRealm */,
			);
		};
/* End PBXProject section */

/* Begin PBXResourcesBuildPhase section */
		A51F3BA4215332AC008839B2 /* Resources */ = {
			isa = PBXResourcesBuildPhase;
			buildActionMask = 2147483647;
			files = (
				A51F3BB4215332AD008839B2 /* LaunchScreen.storyboard in Resources */,
				A51F3BB1215332AD008839B2 /* Assets.xcassets in Resources */,
				A51F3BAF215332AC008839B2 /* Main.storyboard in Resources */,
			);
			runOnlyForDeploymentPostprocessing = 0;
		};
/* End PBXResourcesBuildPhase section */

/* Begin PBXShellScriptBuildPhase section */
		6464AD0A3A9467FDE473E402 /* [CP] Check Pods Manifest.lock */ = {
			isa = PBXShellScriptBuildPhase;
			buildActionMask = 2147483647;
			files = (
			);
			inputPaths = (
				"${PODS_PODFILE_DIR_PATH}/Podfile.lock",
				"${PODS_ROOT}/Manifest.lock",
			);
			name = "[CP] Check Pods Manifest.lock";
			outputPaths = (
				"$(DERIVED_FILE_DIR)/Pods-TodoeyRealm-checkManifestLockResult.txt",
			);
			runOnlyForDeploymentPostprocessing = 0;
			shellPath = /bin/sh;
			shellScript = "diff \"${PODS_PODFILE_DIR_PATH}/Podfile.lock\" \"${PODS_ROOT}/Manifest.lock\" > /dev/null\nif [ $? != 0 ] ; then\n    # print error to STDERR\n    echo \"error: The sandbox is not in sync with the Podfile.lock. Run 'pod install' or update your CocoaPods installation.\" >&2\n    exit 1\nfi\n# This output is used by Xcode 'outputs' to avoid re-running this script phase.\necho \"SUCCESS\" > \"${SCRIPT_OUTPUT_FILE_0}\"\n";
			showEnvVarsInLog = 0;
		};
		BC45F75C2BD95FD1F48E17EB /* [CP] Embed Pods Frameworks */ = {
			isa = PBXShellScriptBuildPhase;
			buildActionMask = 2147483647;
			files = (
			);
			inputPaths = (
				"${SRCROOT}/Pods/Target Support Files/Pods-TodoeyRealm/Pods-TodoeyRealm-frameworks.sh",
				"${BUILT_PRODUCTS_DIR}/Realm/Realm.framework",
				"${BUILT_PRODUCTS_DIR}/RealmSwift/RealmSwift.framework",
				"${BUILT_PRODUCTS_DIR}/SwipeCellKit/SwipeCellKit.framework",
			);
			name = "[CP] Embed Pods Frameworks";
			outputPaths = (
				"${TARGET_BUILD_DIR}/${FRAMEWORKS_FOLDER_PATH}/Realm.framework",
				"${TARGET_BUILD_DIR}/${FRAMEWORKS_FOLDER_PATH}/RealmSwift.framework",
				"${TARGET_BUILD_DIR}/${FRAMEWORKS_FOLDER_PATH}/SwipeCellKit.framework",
			);
			runOnlyForDeploymentPostprocessing = 0;
			shellPath = /bin/sh;
			shellScript = "\"${SRCROOT}/Pods/Target Support Files/Pods-TodoeyRealm/Pods-TodoeyRealm-frameworks.sh\"\n";
			showEnvVarsInLog = 0;
		};
/* End PBXShellScriptBuildPhase section */

/* Begin PBXSourcesBuildPhase section */
		A51F3BA2215332AC008839B2 /* Sources */ = {
			isa = PBXSourcesBuildPhase;
			buildActionMask = 2147483647;
			files = (
				A50AC443215E645D0011E87E /* Item.swift in Sources */,
				A559511F21599C2B0006BEAD /* CategoryViewController.swift in Sources */,
				A51F3BAC215332AC008839B2 /* TodoListViewController.swift in Sources */,
				A51F3BAA215332AC008839B2 /* AppDelegate.swift in Sources */,
				A58AE46A2161A24A00106758 /* SwipeTableViewController.swift in Sources */,
				A50AC445215E646A0011E87E /* Category.swift in Sources */,
			);
			runOnlyForDeploymentPostprocessing = 0;
		};
/* End PBXSourcesBuildPhase section */

/* Begin PBXVariantGroup section */
		A51F3BAD215332AC008839B2 /* Main.storyboard */ = {
			isa = PBXVariantGroup;
			children = (
				A51F3BAE215332AC008839B2 /* Base */,
			);
			name = Main.storyboard;
			sourceTree = "<group>";
		};
		A51F3BB2215332AD008839B2 /* LaunchScreen.storyboard */ = {
			isa = PBXVariantGroup;
			children = (
				A51F3BB3215332AD008839B2 /* Base */,
			);
			name = LaunchScreen.storyboard;
			sourceTree = "<group>";
		};
/* End PBXVariantGroup section */

/* Begin XCBuildConfiguration section */
		A51F3BB6215332AD008839B2 /* Debug */ = {
			isa = XCBuildConfiguration;
			buildSettings = {
				ALWAYS_SEARCH_USER_PATHS = NO;
				CLANG_ANALYZER_NONNULL = YES;
				CLANG_ANALYZER_NUMBER_OBJECT_CONVERSION = YES_AGGRESSIVE;
				CLANG_CXX_LANGUAGE_STANDARD = "gnu++14";
				CLANG_CXX_LIBRARY = "libc++";
				CLANG_ENABLE_MODULES = YES;
				CLANG_ENABLE_OBJC_ARC = YES;
				CLANG_ENABLE_OBJC_WEAK = YES;
				CLANG_WARN_BLOCK_CAPTURE_AUTORELEASING = YES;
				CLANG_WARN_BOOL_CONVERSION = YES;
				CLANG_WARN_COMMA = YES;
				CLANG_WARN_CONSTANT_CONVERSION = YES;
				CLANG_WARN_DEPRECATED_OBJC_IMPLEMENTATIONS = YES;
				CLANG_WARN_DIRECT_OBJC_ISA_USAGE = YES_ERROR;
				CLANG_WARN_DOCUMENTATION_COMMENTS = YES;
				CLANG_WARN_EMPTY_BODY = YES;
				CLANG_WARN_ENUM_CONVERSION = YES;
				CLANG_WARN_INFINITE_RECURSION = YES;
				CLANG_WARN_INT_CONVERSION = YES;
				CLANG_WARN_NON_LITERAL_NULL_CONVERSION = YES;
				CLANG_WARN_OBJC_IMPLICIT_RETAIN_SELF = YES;
				CLANG_WARN_OBJC_LITERAL_CONVERSION = YES;
				CLANG_WARN_OBJC_ROOT_CLASS = YES_ERROR;
				CLANG_WARN_RANGE_LOOP_ANALYSIS = YES;
				CLANG_WARN_STRICT_PROTOTYPES = YES;
				CLANG_WARN_SUSPICIOUS_MOVE = YES;
				CLANG_WARN_UNGUARDED_AVAILABILITY = YES_AGGRESSIVE;
				CLANG_WARN_UNREACHABLE_CODE = YES;
				CLANG_WARN__DUPLICATE_METHOD_MATCH = YES;
				CODE_SIGN_IDENTITY = "iPhone Developer";
				COPY_PHASE_STRIP = NO;
				DEBUG_INFORMATION_FORMAT = dwarf;
				ENABLE_STRICT_OBJC_MSGSEND = YES;
				ENABLE_TESTABILITY = YES;
				GCC_C_LANGUAGE_STANDARD = gnu11;
				GCC_DYNAMIC_NO_PIC = NO;
				GCC_NO_COMMON_BLOCKS = YES;
				GCC_OPTIMIZATION_LEVEL = 0;
				GCC_PREPROCESSOR_DEFINITIONS = (
					"DEBUG=1",
					"$(inherited)",
				);
				GCC_WARN_64_TO_32_BIT_CONVERSION = YES;
				GCC_WARN_ABOUT_RETURN_TYPE = YES_ERROR;
				GCC_WARN_UNDECLARED_SELECTOR = YES;
				GCC_WARN_UNINITIALIZED_AUTOS = YES_AGGRESSIVE;
				GCC_WARN_UNUSED_FUNCTION = YES;
				GCC_WARN_UNUSED_VARIABLE = YES;
				IPHONEOS_DEPLOYMENT_TARGET = 11.4;
				MTL_ENABLE_DEBUG_INFO = YES;
				ONLY_ACTIVE_ARCH = YES;
				SDKROOT = iphoneos;
				SWIFT_ACTIVE_COMPILATION_CONDITIONS = DEBUG;
				SWIFT_OPTIMIZATION_LEVEL = "-Onone";
			};
			name = Debug;
		};
		A51F3BB7215332AD008839B2 /* Release */ = {
			isa = XCBuildConfiguration;
			buildSettings = {
				ALWAYS_SEARCH_USER_PATHS = NO;
				CLANG_ANALYZER_NONNULL = YES;
				CLANG_ANALYZER_NUMBER_OBJECT_CONVERSION = YES_AGGRESSIVE;
				CLANG_CXX_LANGUAGE_STANDARD = "gnu++14";
				CLANG_CXX_LIBRARY = "libc++";
				CLANG_ENABLE_MODULES = YES;
				CLANG_ENABLE_OBJC_ARC = YES;
				CLANG_ENABLE_OBJC_WEAK = YES;
				CLANG_WARN_BLOCK_CAPTURE_AUTORELEASING = YES;
				CLANG_WARN_BOOL_CONVERSION = YES;
				CLANG_WARN_COMMA = YES;
				CLANG_WARN_CONSTANT_CONVERSION = YES;
				CLANG_WARN_DEPRECATED_OBJC_IMPLEMENTATIONS = YES;
				CLANG_WARN_DIRECT_OBJC_ISA_USAGE = YES_ERROR;
				CLANG_WARN_DOCUMENTATION_COMMENTS = YES;
				CLANG_WARN_EMPTY_BODY = YES;
				CLANG_WARN_ENUM_CONVERSION = YES;
				CLANG_WARN_INFINITE_RECURSION = YES;
				CLANG_WARN_INT_CONVERSION = YES;
				CLANG_WARN_NON_LITERAL_NULL_CONVERSION = YES;
				CLANG_WARN_OBJC_IMPLICIT_RETAIN_SELF = YES;
				CLANG_WARN_OBJC_LITERAL_CONVERSION = YES;
				CLANG_WARN_OBJC_ROOT_CLASS = YES_ERROR;
				CLANG_WARN_RANGE_LOOP_ANALYSIS = YES;
				CLANG_WARN_STRICT_PROTOTYPES = YES;
				CLANG_WARN_SUSPICIOUS_MOVE = YES;
				CLANG_WARN_UNGUARDED_AVAILABILITY = YES_AGGRESSIVE;
				CLANG_WARN_UNREACHABLE_CODE = YES;
				CLANG_WARN__DUPLICATE_METHOD_MATCH = YES;
				CODE_SIGN_IDENTITY = "iPhone Developer";
				COPY_PHASE_STRIP = NO;
				DEBUG_INFORMATION_FORMAT = "dwarf-with-dsym";
				ENABLE_NS_ASSERTIONS = NO;
				ENABLE_STRICT_OBJC_MSGSEND = YES;
				GCC_C_LANGUAGE_STANDARD = gnu11;
				GCC_NO_COMMON_BLOCKS = YES;
				GCC_WARN_64_TO_32_BIT_CONVERSION = YES;
				GCC_WARN_ABOUT_RETURN_TYPE = YES_ERROR;
				GCC_WARN_UNDECLARED_SELECTOR = YES;
				GCC_WARN_UNINITIALIZED_AUTOS = YES_AGGRESSIVE;
				GCC_WARN_UNUSED_FUNCTION = YES;
				GCC_WARN_UNUSED_VARIABLE = YES;
				IPHONEOS_DEPLOYMENT_TARGET = 11.4;
				MTL_ENABLE_DEBUG_INFO = NO;
				SDKROOT = iphoneos;
				SWIFT_COMPILATION_MODE = wholemodule;
				SWIFT_OPTIMIZATION_LEVEL = "-O";
				VALIDATE_PRODUCT = YES;
			};
			name = Release;
		};
		A51F3BB9215332AD008839B2 /* Debug */ = {
			isa = XCBuildConfiguration;
			baseConfigurationReference = CA8DDA1225C8693B3F22C9BC /* Pods-TodoeyRealm.debug.xcconfig */;
			buildSettings = {
				ASSETCATALOG_COMPILER_APPICON_NAME = AppIcon;
				CODE_SIGN_STYLE = Automatic;
				DEVELOPMENT_TEAM = 6VJL642ASV;
				INFOPLIST_FILE = Todoey/Info.plist;
				LD_RUNPATH_SEARCH_PATHS = (
					"$(inherited)",
					"@executable_path/Frameworks",
				);
				PRODUCT_BUNDLE_IDENTIFIER = com.orangeoctopus.TodoeyRealm;
				PRODUCT_NAME = "$(TARGET_NAME)";
				SWIFT_VERSION = 4.0;
				TARGETED_DEVICE_FAMILY = "1,2";
			};
			name = Debug;
		};
		A51F3BBA215332AD008839B2 /* Release */ = {
			isa = XCBuildConfiguration;
			baseConfigurationReference = C0B0C173BAB65DE96239925C /* Pods-TodoeyRealm.release.xcconfig */;
			buildSettings = {
				ASSETCATALOG_COMPILER_APPICON_NAME = AppIcon;
				CODE_SIGN_STYLE = Automatic;
				DEVELOPMENT_TEAM = 6VJL642ASV;
				INFOPLIST_FILE = Todoey/Info.plist;
				LD_RUNPATH_SEARCH_PATHS = (
					"$(inherited)",
					"@executable_path/Frameworks",
				);
				PRODUCT_BUNDLE_IDENTIFIER = com.orangeoctopus.TodoeyRealm;
				PRODUCT_NAME = "$(TARGET_NAME)";
				SWIFT_VERSION = 4.0;
				TARGETED_DEVICE_FAMILY = "1,2";
			};
			name = Release;
		};
/* End XCBuildConfiguration section */

/* Begin XCConfigurationList section */
		A51F3BA1215332AC008839B2 /* Build configuration list for PBXProject "TodoeyRealm" */ = {
			isa = XCConfigurationList;
			buildConfigurations = (
				A51F3BB6215332AD008839B2 /* Debug */,
				A51F3BB7215332AD008839B2 /* Release */,
			);
			defaultConfigurationIsVisible = 0;
			defaultConfigurationName = Release;
		};
		A51F3BB8215332AD008839B2 /* Build configuration list for PBXNativeTarget "TodoeyRealm" */ = {
			isa = XCConfigurationList;
			buildConfigurations = (
				A51F3BB9215332AD008839B2 /* Debug */,
				A51F3BBA215332AD008839B2 /* Release */,
			);
			defaultConfigurationIsVisible = 0;
			defaultConfigurationName = Release;
		};
/* End XCConfigurationList section */
	};
	rootObject = A51F3B9E215332AB008839B2 /* Project object */;
}
